# THIS IS AN AUTOGENERATED FILE. DO NOT EDIT THIS FILE DIRECTLY.
# yarn lockfile v1


"@next/env@13.0.5-canary.6":
  version "13.0.5-canary.6"
  resolved "https://registry.yarnpkg.com/@next/env/-/env-13.0.5-canary.6.tgz#311ea8bf7cf49e1de337b6791e7f7660353f7091"
  integrity sha512-rOFelXGsgf6+pVPh1Mk/X9fiIjgLsHfvsh9JQdV87CZ5pEnh0uSw0x2zXkwNDymXqiC8PeFE9d1HDnOK4vpykQ==

"@next/swc-android-arm-eabi@13.0.5-canary.6":
  version "13.0.5-canary.6"
  resolved "https://registry.yarnpkg.com/@next/swc-android-arm-eabi/-/swc-android-arm-eabi-13.0.5-canary.6.tgz#07c1a849c167c97da983de60d7bae0e011523b1d"
  integrity sha512-wliUTWSwVsJwB3FQPdoJeVLdgVtogVLBdydCtidsyk/ENY5P9Qrt29RMkci2Ra3GnIfsx+mkEfYiVSz+PP3Ucg==

"@next/swc-android-arm64@13.0.5-canary.6":
  version "13.0.5-canary.6"
  resolved "https://registry.yarnpkg.com/@next/swc-android-arm64/-/swc-android-arm64-13.0.5-canary.6.tgz#93a22cad2a5116eac1970b1f1f272efb9332ffcf"
  integrity sha512-2453zMQZnT0ryHO9N0rQq2fkK1Ga5E6J0x/++7GciAdzKJWZRd4IV7fp02qj9UsrNBAnBVDplPPbxLsCpKXT2Q==

"@next/swc-darwin-arm64@13.0.5-canary.6":
  version "13.0.5-canary.6"
  resolved "https://registry.yarnpkg.com/@next/swc-darwin-arm64/-/swc-darwin-arm64-13.0.5-canary.6.tgz#875c228658cd0e597ad3f177fc9160c41a8747af"
  integrity sha512-RbWJ3uWOOp7ytv1YzGMFnhR1onJ28twdrw1Outp7CjdQe+IAbdVkdZ6AV/Kneh6I23zUCpron6CkLaj5Zyg8fg==

"@next/swc-darwin-x64@13.0.5-canary.6":
  version "13.0.5-canary.6"
  resolved "https://registry.yarnpkg.com/@next/swc-darwin-x64/-/swc-darwin-x64-13.0.5-canary.6.tgz#979e41f156555437648c1a14b6b9ea7e2dadb9b3"
  integrity sha512-g1wVI6v4TiinRSFoHNP07jnePlYY56lytzqqYd9QuKYqafRjL/dkIs1wlMxYvtntZoWJ7JgewHffX6urrnuL0Q==

"@next/swc-freebsd-x64@13.0.5-canary.6":
  version "13.0.5-canary.6"
  resolved "https://registry.yarnpkg.com/@next/swc-freebsd-x64/-/swc-freebsd-x64-13.0.5-canary.6.tgz#66864148681cb22d3dd1f2f205295b19e96892f2"
  integrity sha512-OiYH5MgDTB90EUN2RxQrSXOY0BAlko13LBZN3cE4JTD0NwbKu+imy9EVvwZKesvYtQOpVDxOyAPoijPTET6aNQ==

"@next/swc-linux-arm-gnueabihf@13.0.5-canary.6":
  version "13.0.5-canary.6"
  resolved "https://registry.yarnpkg.com/@next/swc-linux-arm-gnueabihf/-/swc-linux-arm-gnueabihf-13.0.5-canary.6.tgz#1252aa23e715976eb5ec34a793828e1a11f43296"
  integrity sha512-8nzR9W8gfphj6vAJyWfpQ8Sogbz+RWJEZnDFRLFTHD1RwalrLiW+v8AEjRBf/HTw15U7UVVGTHo/9LXn0HU0RA==

"@next/swc-linux-arm64-gnu@13.0.5-canary.6":
  version "13.0.5-canary.6"
  resolved "https://registry.yarnpkg.com/@next/swc-linux-arm64-gnu/-/swc-linux-arm64-gnu-13.0.5-canary.6.tgz#4e9321964d754bbfccd265c353a029b59a5272d8"
  integrity sha512-hXj4lQPliAe5+mhZGk1Uv0ei5e4Osu6Z+Un7YuEdDRP3drW/QN8mkdz+PD/epHZjbr4BaeXLNIzEhbR9plt63A==

"@next/swc-linux-arm64-musl@13.0.5-canary.6":
  version "13.0.5-canary.6"
  resolved "https://registry.yarnpkg.com/@next/swc-linux-arm64-musl/-/swc-linux-arm64-musl-13.0.5-canary.6.tgz#9b9cb84dd1d94cb3a3a078ea4ebd4152114c64e5"
  integrity sha512-fMgJwqhQalbRXswJMhPeVagWOdoM93+G+YcsgCKiJxp5GX90dtEmD/M2xSBexRnskkO+hCQMsEx81KDKc/ndww==

"@next/swc-linux-x64-gnu@13.0.5-canary.6":
  version "13.0.5-canary.6"
  resolved "https://registry.yarnpkg.com/@next/swc-linux-x64-gnu/-/swc-linux-x64-gnu-13.0.5-canary.6.tgz#5d108ba064329462fe0457d60663d5e714a059b8"
  integrity sha512-nnPTPg5idqQeWckEibGVEHxRYcunPyXTpqKZpSwxPutWrJqf/6zQ9lZSlpIEzCDyYEZhRagEbecMCRFOMseHwA==

"@next/swc-linux-x64-musl@13.0.5-canary.6":
  version "13.0.5-canary.6"
  resolved "https://registry.yarnpkg.com/@next/swc-linux-x64-musl/-/swc-linux-x64-musl-13.0.5-canary.6.tgz#733977218566611fd88ed215a5779846815296e6"
  integrity sha512-3+nHm47RXlAHnMdz3KmYw0hT9yHWsXsfsEOUcSqt1QrYB7i7O65zaCGStkjclzh0leBvJZvz3ilhZTXY/rbliQ==

"@next/swc-win32-arm64-msvc@13.0.5-canary.6":
  version "13.0.5-canary.6"
  resolved "https://registry.yarnpkg.com/@next/swc-win32-arm64-msvc/-/swc-win32-arm64-msvc-13.0.5-canary.6.tgz#24a71e27b3598ce5a113065d9f7ab6cccc26617e"
  integrity sha512-CcwGdoyIHepAy92KsHNGj+qLDvPVJqDQx+56U2SzGIALWGhz60+3lAdjcp8aN6+tm0S/1aleQas5SMJYlMHacw==

"@next/swc-win32-ia32-msvc@13.0.5-canary.6":
  version "13.0.5-canary.6"
  resolved "https://registry.yarnpkg.com/@next/swc-win32-ia32-msvc/-/swc-win32-ia32-msvc-13.0.5-canary.6.tgz#5d45777774ca257aca6376e30d496273e5bbb19c"
  integrity sha512-VFuZw8oGr8qSPIjtxk7sQNo+oHqrkUdypEGCm9IpyTqzrqspGS6oB7IpxLrtmF1iC+q9KVkXU/Wy8CXhxOxCKw==

"@next/swc-win32-x64-msvc@13.0.5-canary.6":
  version "13.0.5-canary.6"
  resolved "https://registry.yarnpkg.com/@next/swc-win32-x64-msvc/-/swc-win32-x64-msvc-13.0.5-canary.6.tgz#1843967032d8640d70e52ca02cd029ff9ed5c610"
  integrity sha512-+LdpN0Y/FMCDb63jXls/J/iKlycodbYtEfivgvb/H0fehkh6VZ/x9V8dpCdQckhjN44+96PpdAeXgGbRHbZqCw==

"@swc/helpers@0.4.14":
  version "0.4.14"
  resolved "https://registry.yarnpkg.com/@swc/helpers/-/helpers-0.4.14.tgz#1352ac6d95e3617ccb7c1498ff019654f1e12a74"
  integrity sha512-4C7nX/dvpzB7za4Ql9K81xK3HPxCpHMgwTZVyf+9JQ6VUbn9jjZVN7/Nkdz/Ugzs2CSjqnL/UPXroiVBVHUWUw==
  dependencies:
    tslib "^2.4.0"

"@types/node@18.11.9":
  version "18.11.9"
  resolved "https://registry.yarnpkg.com/@types/node/-/node-18.11.9.tgz#02d013de7058cea16d36168ef2fc653464cfbad4"
  integrity sha512-CRpX21/kGdzjOpFsZSkcrXMGIBWMGNIHXXBVFSH+ggkftxg+XYP20TESbh+zFvFj3EQOl5byk0HTRn1IL6hbqg==

"@types/prop-types@*":
  version "15.7.5"
  resolved "https://registry.yarnpkg.com/@types/prop-types/-/prop-types-15.7.5.tgz#5f19d2b85a98e9558036f6a3cacc8819420f05cf"
  integrity sha512-JCB8C6SnDoQf0cNycqd/35A7MjcnK+ZTqE7judS6o7utxUCg6imJg3QK2qzHKszlTjcj2cn+NwMB2i96ubpj7w==

"@types/react-dom@18.0.9":
  version "18.0.9"
  resolved "https://registry.yarnpkg.com/@types/react-dom/-/react-dom-18.0.9.tgz#ffee5e4bfc2a2f8774b15496474f8e7fe8d0b504"
  integrity sha512-qnVvHxASt/H7i+XG1U1xMiY5t+IHcPGUK7TDMDzom08xa7e86eCeKOiLZezwCKVxJn6NEiiy2ekgX8aQssjIKg==
  dependencies:
    "@types/react" "*"

"@types/react@*", "@types/react@18.0.25":
  version "18.0.25"
  resolved "https://registry.yarnpkg.com/@types/react/-/react-18.0.25.tgz#8b1dcd7e56fe7315535a4af25435e0bb55c8ae44"
  integrity sha512-xD6c0KDT4m7n9uD4ZHi02lzskaiqcBxf4zi+tXZY98a04wvc0hi/TcCPC2FOESZi51Nd7tlUeOJY8RofL799/g==
  dependencies:
    "@types/prop-types" "*"
    "@types/scheduler" "*"
    csstype "^3.0.2"

"@types/scheduler@*":
  version "0.16.2"
  resolved "https://registry.yarnpkg.com/@types/scheduler/-/scheduler-0.16.2.tgz#1a62f89525723dde24ba1b01b092bf5df8ad4d39"
  integrity sha512-hppQEBDmlwhFAXKJX2KnWLYu5yMfi91yazPb2l+lbJiwW+wdo1gNeRA+3RgNSO39WYX2euey41KEwnqesU2Jew==

caniuse-lite@^1.0.30001406:
  version "1.0.30001434"
  resolved "https://registry.yarnpkg.com/caniuse-lite/-/caniuse-lite-1.0.30001434.tgz#ec1ec1cfb0a93a34a0600d37903853030520a4e5"
  integrity sha512-aOBHrLmTQw//WFa2rcF1If9fa3ypkC1wzqqiKHgfdrXTWcU8C4gKVZT77eQAPWN1APys3+uQ0Df07rKauXGEYA==

client-only@0.0.1:
  version "0.0.1"
  resolved "https://registry.yarnpkg.com/client-only/-/client-only-0.0.1.tgz#38bba5d403c41ab150bff64a95c85013cf73bca1"
  integrity sha512-IV3Ou0jSMzZrd3pZ48nLkT9DA7Ag1pnPzaiQhpW7c3RbcqqzvzzVu+L8gfqMp/8IM2MQtSiqaCxrrcfu8I8rMA==

csstype@^3.0.2:
  version "3.1.1"
  resolved "https://registry.yarnpkg.com/csstype/-/csstype-3.1.1.tgz#841b532c45c758ee546a11d5bd7b7b473c8c30b9"
  integrity sha512-DJR/VvkAvSZW9bTouZue2sSxDwdTN92uHjqeKVm+0dAqdfNykRzQ95tay8aXMBAAPpUiq4Qcug2L7neoRh2Egw==

"js-tokens@^3.0.0 || ^4.0.0":
  version "4.0.0"
  resolved "https://registry.yarnpkg.com/js-tokens/-/js-tokens-4.0.0.tgz#19203fb59991df98e3a287050d4647cdeaf32499"
  integrity sha512-RdJUflcE3cUzKiMqQgsCu06FPu9UdIJO0beYbPhHN4k6apgJtifcoCtT9bcxOpYBtpD2kCM6Sbzg4CausW/PKQ==

loose-envify@^1.1.0:
  version "1.4.0"
  resolved "https://registry.yarnpkg.com/loose-envify/-/loose-envify-1.4.0.tgz#71ee51fa7be4caec1a63839f7e682d8132d30caf"
  integrity sha512-lyuxPGr/Wfhrlem2CL/UcnUc1zcqKAImBDzukY7Y5F/yQiNdko6+fRLevlw1HgMySw7f611UIY408EtxRSoK3Q==
  dependencies:
    js-tokens "^3.0.0 || ^4.0.0"

nanoid@^3.3.4:
  version "3.3.4"
  resolved "https://registry.yarnpkg.com/nanoid/-/nanoid-3.3.4.tgz#730b67e3cd09e2deacf03c027c81c9d9dbc5e8ab"
  integrity sha512-MqBkQh/OHTS2egovRtLk45wEyNXwF+cokD+1YPf9u5VfJiRdAiRwB2froX5Co9Rh20xs4siNPm8naNotSD6RBw==

next@13.0.5-canary.6:
  version "13.0.5-canary.6"
  resolved "https://registry.yarnpkg.com/next/-/next-13.0.5-canary.6.tgz#562981aca342bcd06d9cee48fcf08041f3f8bf44"
  integrity sha512-Gev0K/0vmWd639qjLMhHdQJipIngo0VbezRy0NhLcIGRUavEhkVkcUARr9598Bttf3XPZJNuPzWbAMPmHNMgsg==
  dependencies:
    "@next/env" "13.0.5-canary.6"
    "@swc/helpers" "0.4.14"
    caniuse-lite "^1.0.30001406"
    postcss "8.4.14"
    styled-jsx "5.1.0"
    use-sync-external-store "1.2.0"
  optionalDependencies:
    "@next/swc-android-arm-eabi" "13.0.5-canary.6"
    "@next/swc-android-arm64" "13.0.5-canary.6"
    "@next/swc-darwin-arm64" "13.0.5-canary.6"
    "@next/swc-darwin-x64" "13.0.5-canary.6"
    "@next/swc-freebsd-x64" "13.0.5-canary.6"
    "@next/swc-linux-arm-gnueabihf" "13.0.5-canary.6"
    "@next/swc-linux-arm64-gnu" "13.0.5-canary.6"
    "@next/swc-linux-arm64-musl" "13.0.5-canary.6"
    "@next/swc-linux-x64-gnu" "13.0.5-canary.6"
    "@next/swc-linux-x64-musl" "13.0.5-canary.6"
    "@next/swc-win32-arm64-msvc" "13.0.5-canary.6"
    "@next/swc-win32-ia32-msvc" "13.0.5-canary.6"
    "@next/swc-win32-x64-msvc" "13.0.5-canary.6"

picocolors@^1.0.0:
  version "1.0.0"
  resolved "https://registry.yarnpkg.com/picocolors/-/picocolors-1.0.0.tgz#cb5bdc74ff3f51892236eaf79d68bc44564ab81c"
  integrity sha512-1fygroTLlHu66zi26VoTDv8yRgm0Fccecssto+MhsZ0D/DGW2sm8E8AjW7NU5VVTRt5GxbeZ5qBuJr+HyLYkjQ==

postcss@8.4.14:
  version "8.4.14"
  resolved "https://registry.yarnpkg.com/postcss/-/postcss-8.4.14.tgz#ee9274d5622b4858c1007a74d76e42e56fd21caf"
  integrity sha512-E398TUmfAYFPBSdzgeieK2Y1+1cpdxJx8yXbK/m57nRhKSmk1GB2tO4lbLBtlkfPQTDKfe4Xqv1ASWPpayPEig==
  dependencies:
    nanoid "^3.3.4"
    picocolors "^1.0.0"
    source-map-js "^1.0.2"

react-dom@18.2.0:
  version "18.2.0"
  resolved "https://registry.yarnpkg.com/react-dom/-/react-dom-18.2.0.tgz#22aaf38708db2674ed9ada224ca4aa708d821e3d"
  integrity sha512-6IMTriUmvsjHUjNtEDudZfuDQUoWXVxKHhlEGSk81n4YFS+r/Kl99wXiwlVXtPBtJenozv2P+hxDsw9eA7Xo6g==
  dependencies:
    loose-envify "^1.1.0"
    scheduler "^0.23.0"

react@18.2.0:
  version "18.2.0"
  resolved "https://registry.yarnpkg.com/react/-/react-18.2.0.tgz#555bd98592883255fa00de14f1151a917b5d77d5"
  integrity sha512-/3IjMdb2L9QbBdWiW5e3P2/npwMBaU9mHCSCUzNln0ZCYbcfTsGbTJrU/kGemdH2IWmB2ioZ+zkxtmq6g09fGQ==
  dependencies:
    loose-envify "^1.1.0"

scheduler@^0.23.0:
  version "0.23.0"
  resolved "https://registry.yarnpkg.com/scheduler/-/scheduler-0.23.0.tgz#ba8041afc3d30eb206a487b6b384002e4e61fdfe"
  integrity sha512-CtuThmgHNg7zIZWAXi3AsyIzA3n4xx7aNyjwC2VJldO2LMVDhFK+63xGqq6CsJH4rTAt6/M+N4GhZiDYPx9eUw==
  dependencies:
    loose-envify "^1.1.0"

source-map-js@^1.0.2:
  version "1.0.2"
  resolved "https://registry.yarnpkg.com/source-map-js/-/source-map-js-1.0.2.tgz#adbc361d9c62df380125e7f161f71c826f1e490c"
  integrity sha512-R0XvVJ9WusLiqTCEiGCmICCMplcCkIwwR11mOSD9CR5u+IXYdiseeEuXCVAjS54zqwkLcPNnmU4OeJ6tUrWhDw==

styled-jsx@5.1.0:
  version "5.1.0"
  resolved "https://registry.yarnpkg.com/styled-jsx/-/styled-jsx-5.1.0.tgz#4a5622ab9714bd3fcfaeec292aa555871f057563"
  integrity sha512-/iHaRJt9U7T+5tp6TRelLnqBqiaIT0HsO0+vgyj8hK2KUk7aejFqRrumqPUlAqDwAj8IbS/1hk3IhBAAK/FCUQ==
  dependencies:
    client-only "0.0.1"

tslib@^2.4.0:
  version "2.4.1"
  resolved "https://registry.yarnpkg.com/tslib/-/tslib-2.4.1.tgz#0d0bfbaac2880b91e22df0768e55be9753a5b17e"
  integrity sha512-tGyy4dAjRIEwI7BzsB0lynWgOpfqjUdq91XXAlIWD2OwKBH7oCl/GZG/HT4BOHrTlPMOASlMQ7veyTqpmRcrNA==

typescript@4.9.3:
  version "4.9.3"
  resolved "https://registry.yarnpkg.com/typescript/-/typescript-4.9.3.tgz#3aea307c1746b8c384435d8ac36b8a2e580d85db"
  integrity sha512-CIfGzTelbKNEnLpLdGFgdyKhG23CKdKgQPOBc+OUNrkJ2vr+KSzsSV5kq5iWhEQbok+quxgGzrAtGWCyU7tHnA==

use-sync-external-store@1.2.0:
  version "1.2.0"
  resolved "https://registry.yarnpkg.com/use-sync-external-store/-/use-sync-external-store-1.2.0.tgz#7dbefd6ef3fe4e767a0cf5d7287aacfb5846928a"
  integrity sha512-eEgnFxGQ1Ife9bzYs6VLi8/4X6CObHMw9Qr9tPY43iKwsPw8xE8+EFsf/2cFZ5S3esXgpWgtSCtLNS41F+sKPA==
